
Microsoft Visual Studio Solution File, Format Version 12.00
# Visual Studio 15
VisualStudioVersion = 15.0.27130.2027
MinimumVisualStudioVersion = 10.0.40219.1
Project("{2150E333-8FDC-42A3-9474-1A3956D46DE8}") = "4 - Infrastructure", "4 - Infrastructure", "{FA9AA29F-2EF4-42A5-AFBE-6C818640D475}"
EndProject
Project("{2150E333-8FDC-42A3-9474-1A3956D46DE8}") = "4.1 -Data", "4.1 -Data", "{412055FF-7878-44BF-8537-4C6B447DFF00}"
EndProject
Project("{FAE04EC0-301F-11D3-BF4B-00C04F79EFBC}") = "BrunaDolavaleSocialNetwork.Data", "BrunaDolavaleSocialNetwork.Data\BrunaDolavaleSocialNetwork.Data.csproj", "{C37ADE93-E94B-4165-873A-B7B4ABDA9091}"
EndProject
Project("{2150E333-8FDC-42A3-9474-1A3956D46DE8}") = "0 - Presentation", "0 - Presentation", "{25AFA765-DCCB-48DF-8CF9-BA84CFD16EDE}"
EndProject
Project("{2150E333-8FDC-42A3-9474-1A3956D46DE8}") = "1 - Application", "1 - Application", "{051E4165-8D17-433B-B5C1-C1600E733F2B}"
EndProject
Project("{2150E333-8FDC-42A3-9474-1A3956D46DE8}") = "2 - Services", "2 - Services", "{F0CC8A91-1E79-4248-81D3-33FC35358AE8}"
EndProject
Project("{2150E333-8FDC-42A3-9474-1A3956D46DE8}") = "3 - Domain", "3 - Domain", "{E3DE2995-F608-4B64-9204-CD7AAE868935}"
EndProject
Project("{FAE04EC0-301F-11D3-BF4B-00C04F79EFBC}") = "BrunaDolavaleSocialNetwork.Domain", "BrunaDolavaleSocialNetwork.Domain\BrunaDolavaleSocialNetwork.Domain.csproj", "{6D60AFA4-F916-4E4F-95DF-E1493C2B6D63}"
EndProject
Project("{FAE04EC0-301F-11D3-BF4B-00C04F79EFBC}") = "BrunaDolavaleSocialNetwork.MVC", "BrunaDolavaleSocialNetwork.MVC\BrunaDolavaleSocialNetwork.MVC.csproj", "{1F9D7668-5CE9-4CBD-8E3E-79A74A0CB5BF}"
EndProject
Project("{2150E333-8FDC-42A3-9474-1A3956D46DE8}") = "4.2 - Cross Cutting", "4.2 - Cross Cutting", "{0F10AA75-74D8-45A2-A316-B4B15348C018}"
EndProject
Project("{9A19103F-16F7-4668-BE54-9A1E7A4F7556}") = "BrunaDolavaleSocialNetwork.Application", "BrunaDolavaleSocialNetwork.Application\BrunaDolavaleSocialNetwork.Application.csproj", "{F354ED8A-6200-491A-8306-33930BFDE1CE}"
EndProject
Global
	GlobalSection(SolutionConfigurationPlatforms) = preSolution
		Debug|Any CPU = Debug|Any CPU
		Release|Any CPU = Release|Any CPU
	EndGlobalSection
	GlobalSection(ProjectConfigurationPlatforms) = postSolution
		{C37ADE93-E94B-4165-873A-B7B4ABDA9091}.Debug|Any CPU.ActiveCfg = Debug|Any CPU
		{C37ADE93-E94B-4165-873A-B7B4ABDA9091}.Debug|Any CPU.Build.0 = Debug|Any CPU
		{C37ADE93-E94B-4165-873A-B7B4ABDA9091}.Release|Any CPU.ActiveCfg = Release|Any CPU
		{C37ADE93-E94B-4165-873A-B7B4ABDA9091}.Release|Any CPU.Build.0 = Release|Any CPU
		{6D60AFA4-F916-4E4F-95DF-E1493C2B6D63}.Debug|Any CPU.ActiveCfg = Debug|Any CPU
		{6D60AFA4-F916-4E4F-95DF-E1493C2B6D63}.Debug|Any CPU.Build.0 = Debug|Any CPU
		{6D60AFA4-F916-4E4F-95DF-E1493C2B6D63}.Release|Any CPU.ActiveCfg = Release|Any CPU
		{6D60AFA4-F916-4E4F-95DF-E1493C2B6D63}.Release|Any CPU.Build.0 = Release|Any CPU
		{1F9D7668-5CE9-4CBD-8E3E-79A74A0CB5BF}.Debug|Any CPU.ActiveCfg = Debug|Any CPU
		{1F9D7668-5CE9-4CBD-8E3E-79A74A0CB5BF}.Debug|Any CPU.Build.0 = Debug|Any CPU
		{1F9D7668-5CE9-4CBD-8E3E-79A74A0CB5BF}.Release|Any CPU.ActiveCfg = Release|Any CPU
		{1F9D7668-5CE9-4CBD-8E3E-79A74A0CB5BF}.Release|Any CPU.Build.0 = Release|Any CPU
		{F354ED8A-6200-491A-8306-33930BFDE1CE}.Debug|Any CPU.ActiveCfg = Debug|Any CPU
		{F354ED8A-6200-491A-8306-33930BFDE1CE}.Debug|Any CPU.Build.0 = Debug|Any CPU
		{F354ED8A-6200-491A-8306-33930BFDE1CE}.Release|Any CPU.ActiveCfg = Release|Any CPU
		{F354ED8A-6200-491A-8306-33930BFDE1CE}.Release|Any CPU.Build.0 = Release|Any CPU
	EndGlobalSection
	GlobalSection(SolutionProperties) = preSolution
		HideSolutionNode = FALSE
	EndGlobalSection
	GlobalSection(NestedProjects) = preSolution
		{412055FF-7878-44BF-8537-4C6B447DFF00} = {FA9AA29F-2EF4-42A5-AFBE-6C818640D475}
		{C37ADE93-E94B-4165-873A-B7B4ABDA9091} = {412055FF-7878-44BF-8537-4C6B447DFF00}
		{6D60AFA4-F916-4E4F-95DF-E1493C2B6D63} = {E3DE2995-F608-4B64-9204-CD7AAE868935}
		{1F9D7668-5CE9-4CBD-8E3E-79A74A0CB5BF} = {25AFA765-DCCB-48DF-8CF9-BA84CFD16EDE}
		{0F10AA75-74D8-45A2-A316-B4B15348C018} = {FA9AA29F-2EF4-42A5-AFBE-6C818640D475}
		{F354ED8A-6200-491A-8306-33930BFDE1CE} = {051E4165-8D17-433B-B5C1-C1600E733F2B}
	EndGlobalSection
	GlobalSection(ExtensibilityGlobals) = postSolution
		SolutionGuid = {DFE65445-DCF8-448B-98C4-D33EFB1C3A00}
	EndGlobalSection
EndGlobal
